
Microsoft Visual Studio Solution File, Format Version 12.00
# Visual Studio 15
VisualStudioVersion = 15.0.27428.2043
MinimumVisualStudioVersion = 10.0.40219.1
Project("{FAE04EC0-301F-11D3-BF4B-00C04F79EFBC}") = "DataBaseInjection", "DataBaseInjection\DataBaseInjection.csproj", "{81A4D578-6B15-4C04-B187-1BE296C7B018}"
EndProject
Global
	GlobalSection(SolutionConfigurationPlatforms) = preSolution
		Debug|Any CPU = Debug|Any CPU
		Release|Any CPU = Release|Any CPU
	EndGlobalSection
	GlobalSection(ProjectConfigurationPlatforms) = postSolution
		{81A4D578-6B15-4C04-B187-1BE296C7B018}.Debug|Any CPU.ActiveCfg = Debug|Any CPU
		{81A4D578-6B15-4C04-B187-1BE296C7B018}.Debug|Any CPU.Build.0 = Debug|Any CPU
		{81A4D578-6B15-4C04-B187-1BE296C7B018}.Release|Any CPU.ActiveCfg = Release|Any CPU
		{81A4D578-6B15-4C04-B187-1BE296C7B018}.Release|Any CPU.Build.0 = Release|Any CPU
	EndGlobalSection
	GlobalSection(SolutionProperties) = preSolution
		HideSolutionNode = FALSE
	EndGlobalSection
	GlobalSection(ExtensibilityGlobals) = postSolution
		SolutionGuid = {6C1AF7CC-3514-444B-926D-D59A083729DD}
	EndGlobalSection
EndGlobal
